
Microsoft Visual Studio Solution File, Format Version 12.00
# Visual Studio Version 16
VisualStudioVersion = 16.0.30804.86
MinimumVisualStudioVersion = 10.0.40219.1
Project("{FAE04EC0-301F-11D3-BF4B-00C04F79EFBC}") = "TRMDataManager", "TRMDataManager\TRMDataManager.csproj", "{8DE54320-F2E5-4BBE-A8D5-24B884D5AD3E}"
EndProject
Project("{00D1A9C2-B5F0-4AF3-8072-F6C62B433612}") = "TRMData", "TRMData\TRMData.sqlproj", "{CE0E1276-3528-4AA1-9796-5DDDE0FEE87C}"
EndProject
Project("{FAE04EC0-301F-11D3-BF4B-00C04F79EFBC}") = "TRMDesktopUI", "TRMDesktopUI\TRMDesktopUI.csproj", "{4AA3144B-F1F8-4501-AB1E-FD0B7CB82FC8}"
EndProject
Project("{FAE04EC0-301F-11D3-BF4B-00C04F79EFBC}") = "TRMDataManager.Library", "TRMDataManager.Library\TRMDataManager.Library.csproj", "{AC634528-295C-4730-8A30-58BCB0E9A1EB}"
EndProject
Global
	GlobalSection(SolutionConfigurationPlatforms) = preSolution
		Debug|Any CPU = Debug|Any CPU
		Release|Any CPU = Release|Any CPU
	EndGlobalSection
	GlobalSection(ProjectConfigurationPlatforms) = postSolution
		{8DE54320-F2E5-4BBE-A8D5-24B884D5AD3E}.Debug|Any CPU.ActiveCfg = Debug|Any CPU
		{8DE54320-F2E5-4BBE-A8D5-24B884D5AD3E}.Debug|Any CPU.Build.0 = Debug|Any CPU
		{8DE54320-F2E5-4BBE-A8D5-24B884D5AD3E}.Release|Any CPU.ActiveCfg = Release|Any CPU
		{8DE54320-F2E5-4BBE-A8D5-24B884D5AD3E}.Release|Any CPU.Build.0 = Release|Any CPU
		{CE0E1276-3528-4AA1-9796-5DDDE0FEE87C}.Debug|Any CPU.ActiveCfg = Debug|Any CPU
		{CE0E1276-3528-4AA1-9796-5DDDE0FEE87C}.Debug|Any CPU.Build.0 = Debug|Any CPU
		{CE0E1276-3528-4AA1-9796-5DDDE0FEE87C}.Debug|Any CPU.Deploy.0 = Debug|Any CPU
		{CE0E1276-3528-4AA1-9796-5DDDE0FEE87C}.Release|Any CPU.ActiveCfg = Release|Any CPU
		{CE0E1276-3528-4AA1-9796-5DDDE0FEE87C}.Release|Any CPU.Build.0 = Release|Any CPU
		{CE0E1276-3528-4AA1-9796-5DDDE0FEE87C}.Release|Any CPU.Deploy.0 = Release|Any CPU
		{4AA3144B-F1F8-4501-AB1E-FD0B7CB82FC8}.Debug|Any CPU.ActiveCfg = Debug|Any CPU
		{4AA3144B-F1F8-4501-AB1E-FD0B7CB82FC8}.Debug|Any CPU.Build.0 = Debug|Any CPU
		{4AA3144B-F1F8-4501-AB1E-FD0B7CB82FC8}.Release|Any CPU.ActiveCfg = Release|Any CPU
		{4AA3144B-F1F8-4501-AB1E-FD0B7CB82FC8}.Release|Any CPU.Build.0 = Release|Any CPU
		{AC634528-295C-4730-8A30-58BCB0E9A1EB}.Debug|Any CPU.ActiveCfg = Debug|Any CPU
		{AC634528-295C-4730-8A30-58BCB0E9A1EB}.Debug|Any CPU.Build.0 = Debug|Any CPU
		{AC634528-295C-4730-8A30-58BCB0E9A1EB}.Release|Any CPU.ActiveCfg = Release|Any CPU
		{AC634528-295C-4730-8A30-58BCB0E9A1EB}.Release|Any CPU.Build.0 = Release|Any CPU
	EndGlobalSection
	GlobalSection(SolutionProperties) = preSolution
		HideSolutionNode = FALSE
	EndGlobalSection
	GlobalSection(ExtensibilityGlobals) = postSolution
		SolutionGuid = {5ECC51F3-9751-465B-AC9D-6BB0F7BF7EF5}
	EndGlobalSection
EndGlobal
